// !$*UTF8*$!
{
	archiveVersion = 1;
	classes = {
	};
	objectVersion = 48;
	objects = {

/* Begin PBXBuildFile section */
		3D24297F209946F8007C81D8 /* AppDelegate.m in Sources */ = {isa = PBXBuildFile; fileRef = 3D24297E209946F8007C81D8 /* AppDelegate.m */; };
		3D242982209946F8007C81D8 /* ViewController.m in Sources */ = {isa = PBXBuildFile; fileRef = 3D242981209946F8007C81D8 /* ViewController.m */; };
		3D242985209946F8007C81D8 /* Main.storyboard in Resources */ = {isa = PBXBuildFile; fileRef = 3D242983209946F8007C81D8 /* Main.storyboard */; };
		3D242987209946F8007C81D8 /* Assets.xcassets in Resources */ = {isa = PBXBuildFile; fileRef = 3D242986209946F8007C81D8 /* Assets.xcassets */; };
		3D24298D209946F8007C81D8 /* main.m in Sources */ = {isa = PBXBuildFile; fileRef = 3D24298C209946F8007C81D8 /* main.m */; };
		3D24299720995092007C81D8 /* LaunchScreen.storyboard in Resources */ = {isa = PBXBuildFile; fileRef = 3D24299620995092007C81D8 /* LaunchScreen.storyboard */; };
		3D24299D20995602007C81D8 /* UITextField+LimitTextNum.m in Sources */ = {isa = PBXBuildFile; fileRef = 3D24299C20995602007C81D8 /* UITextField+LimitTextNum.m */; };
		3D2429A320995F6D007C81D8 /* UITextView+LimitTextViewNum.m in Sources */ = {isa = PBXBuildFile; fileRef = 3D2429A220995F6D007C81D8 /* UITextView+LimitTextViewNum.m */; };
/* End PBXBuildFile section */

/* Begin PBXFileReference section */
		3D24297A209946F8007C81D8 /* LimitTextField.app */ = {isa = PBXFileReference; explicitFileType = wrapper.application; includeInIndex = 0; path = LimitTextField.app; sourceTree = BUILT_PRODUCTS_DIR; };
		3D24297D209946F8007C81D8 /* AppDelegate.h */ = {isa = PBXFileReference; lastKnownFileType = sourcecode.c.h; path = AppDelegate.h; sourceTree = "<group>"; };
		3D24297E209946F8007C81D8 /* AppDelegate.m */ = {isa = PBXFileReference; lastKnownFileType = sourcecode.c.objc; path = AppDelegate.m; sourceTree = "<group>"; };
		3D242980209946F8007C81D8 /* ViewController.h */ = {isa = PBXFileReference; lastKnownFileType = sourcecode.c.h; path = ViewController.h; sourceTree = "<group>"; };
		3D242981209946F8007C81D8 /* ViewController.m */ = {isa = PBXFileReference; lastKnownFileType = sourcecode.c.objc; path = ViewController.m; sourceTree = "<group>"; };
		3D242984209946F8007C81D8 /* Base */ = {isa = PBXFileReference; lastKnownFileType = file.storyboard; name = Base; path = Base.lproj/Main.storyboard; sourceTree = "<group>"; };
		3D242986209946F8007C81D8 /* Assets.xcassets */ = {isa = PBXFileReference; lastKnownFileType = folder.assetcatalog; path = Assets.xcassets; sourceTree = "<group>"; };
		3D24298B209946F8007C81D8 /* Info.plist */ = {isa = PBXFileReference; lastKnownFileType = text.plist.xml; path = Info.plist; sourceTree = "<group>"; };
		3D24298C209946F8007C81D8 /* main.m */ = {isa = PBXFileReference; lastKnownFileType = sourcecode.c.objc; path = main.m; sourceTree = "<group>"; };
		3D24299620995092007C81D8 /* LaunchScreen.storyboard */ = {isa = PBXFileReference; fileEncoding = 4; lastKnownFileType = file.storyboard; path = LaunchScreen.storyboard; sourceTree = "<group>"; };
		3D24299B20995601007C81D8 /* UITextField+LimitTextNum.h */ = {isa = PBXFileReference; fileEncoding = 4; lastKnownFileType = sourcecode.c.h; path = "UITextField+LimitTextNum.h"; sourceTree = "<group>"; };
		3D24299C20995602007C81D8 /* UITextField+LimitTextNum.m */ = {isa = PBXFileReference; fileEncoding = 4; lastKnownFileType = sourcecode.c.objc; path = "UITextField+LimitTextNum.m"; sourceTree = "<group>"; };
		3D2429A120995F6D007C81D8 /* UITextView+LimitTextViewNum.h */ = {isa = PBXFileReference; lastKnownFileType = sourcecode.c.h; path = "UITextView+LimitTextViewNum.h"; sourceTree = "<group>"; };
		3D2429A220995F6D007C81D8 /* UITextView+LimitTextViewNum.m */ = {isa = PBXFileReference; lastKnownFileType = sourcecode.c.objc; path = "UITextView+LimitTextViewNum.m"; sourceTree = "<group>"; };
/* End PBXFileReference section */

/* Begin PBXFrameworksBuildPhase section */
		3D242977209946F8007C81D8 /* Frameworks */ = {
			isa = PBXFrameworksBuildPhase;
			buildActionMask = 2147483647;
			files = (
			);
			runOnlyForDeploymentPostprocessing = 0;
		};
/* End PBXFrameworksBuildPhase section */

/* Begin PBXGroup section */
		3D242971209946F8007C81D8 = {
			isa = PBXGroup;
			children = (
				3D24297C209946F8007C81D8 /* LimitTextField */,
				3D24297B209946F8007C81D8 /* Products */,
			);
			sourceTree = "<group>";
		};
		3D24297B209946F8007C81D8 /* Products */ = {
			isa = PBXGroup;
			children = (
				3D24297A209946F8007C81D8 /* LimitTextField.app */,
			);
			name = Products;
			sourceTree = "<group>";
		};
		3D24297C209946F8007C81D8 /* LimitTextField */ = {
			isa = PBXGroup;
			children = (
				3D24297D209946F8007C81D8 /* AppDelegate.h */,
				3D24297E209946F8007C81D8 /* AppDelegate.m */,
				3D242980209946F8007C81D8 /* ViewController.h */,
				3D242981209946F8007C81D8 /* ViewController.m */,
				3D24299B20995601007C81D8 /* UITextField+LimitTextNum.h */,
				3D24299C20995602007C81D8 /* UITextField+LimitTextNum.m */,
				3D2429A120995F6D007C81D8 /* UITextView+LimitTextViewNum.h */,
				3D2429A220995F6D007C81D8 /* UITextView+LimitTextViewNum.m */,
				3D242983209946F8007C81D8 /* Main.storyboard */,
				3D24299620995092007C81D8 /* LaunchScreen.storyboard */,
				3D242986209946F8007C81D8 /* Assets.xcassets */,
				3D24298B209946F8007C81D8 /* Info.plist */,
				3D24298C209946F8007C81D8 /* main.m */,
			);
			path = LimitTextField;
			sourceTree = "<group>";
		};
/* End PBXGroup section */

/* Begin PBXNativeTarget section */
		3D242979209946F8007C81D8 /* LimitTextField */ = {
			isa = PBXNativeTarget;
			buildConfigurationList = 3D242990209946F8007C81D8 /* Build configuration list for PBXNativeTarget "LimitTextField" */;
			buildPhases = (
				3D242976209946F8007C81D8 /* Sources */,
				3D242977209946F8007C81D8 /* Frameworks */,
				3D242978209946F8007C81D8 /* Resources */,
			);
			buildRules = (
			);
			dependencies = (
			);
			name = LimitTextField;
			productName = LimitTextField;
			productReference = 3D24297A209946F8007C81D8 /* LimitTextField.app */;
			productType = "com.apple.product-type.application";
		};
/* End PBXNativeTarget section */

/* Begin PBXProject section */
		3D242972209946F8007C81D8 /* Project object */ = {
			isa = PBXProject;
			attributes = {
				LastUpgradeCheck = 0910;
				ORGANIZATIONNAME = WZC;
				TargetAttributes = {
					3D242979209946F8007C81D8 = {
						CreatedOnToolsVersion = 9.1;
						ProvisioningStyle = Automatic;
					};
				};
			};
			buildConfigurationList = 3D242975209946F8007C81D8 /* Build configuration list for PBXProject "LimitTextField" */;
			compatibilityVersion = "Xcode 8.0";
			developmentRegion = en;
			hasScannedForEncodings = 0;
			knownRegions = (
				en,
				Base,
			);
			mainGroup = 3D242971209946F8007C81D8;
			productRefGroup = 3D24297B209946F8007C81D8 /* Products */;
			projectDirPath = "";
			projectRoot = "";
			targets = (
				3D242979209946F8007C81D8 /* LimitTextField */,
			);
		};
/* End PBXProject section */

/* Begin PBXResourcesBuildPhase section */
		3D242978209946F8007C81D8 /* Resources */ = {
			isa = PBXResourcesBuildPhase;
			buildActionMask = 2147483647;
			files = (
				3D24299720995092007C81D8 /* LaunchScreen.storyboard in Resources */,
				3D242987209946F8007C81D8 /* Assets.xcassets in Resources */,
				3D242985209946F8007C81D8 /* Main.storyboard in Resources */,
			);
			runOnlyForDeploymentPostprocessing = 0;
		};
/* End PBXResourcesBuildPhase section */

/* Begin PBXSourcesBuildPhase section */
		3D242976209946F8007C81D8 /* Sources */ = {
			isa = PBXSourcesBuildPhase;
			buildActionMask = 2147483647;
			files = (
				3D2429A320995F6D007C81D8 /* UITextView+LimitTextViewNum.m in Sources */,
				3D242982209946F8007C81D8 /* ViewController.m in Sources */,
				3D24299D20995602007C81D8 /* UITextField+LimitTextNum.m in Sources */,
				3D24298D209946F8007C81D8 /* main.m in Sources */,
				3D24297F209946F8007C81D8 /* AppDelegate.m in Sources */,
			);
			runOnlyForDeploymentPostprocessing = 0;
		};
/* End PBXSourcesBuildPhase section */

/* Begin PBXVariantGroup section */
		3D242983209946F8007C81D8 /* Main.storyboard */ = {
			isa = PBXVariantGroup;
			children = (
				3D242984209946F8007C81D8 /* Base */,
			);
			name = Main.storyboard;
			sourceTree = "<group>";
		};
/* End PBXVariantGroup section */

/* Begin XCBuildConfiguration section */
		3D24298E209946F8007C81D8 /* Debug */ = {
			isa = XCBuildConfiguration;
			buildSettings = {
				ALWAYS_SEARCH_USER_PATHS = NO;
				CLANG_ANALYZER_NONNULL = YES;
				CLANG_ANALYZER_NUMBER_OBJECT_CONVERSION = YES_AGGRESSIVE;
				CLANG_CXX_LANGUAGE_STANDARD = "gnu++14";
				CLANG_CXX_LIBRARY = "libc++";
				CLANG_ENABLE_MODULES = YES;
				CLANG_ENABLE_OBJC_ARC = YES;
				CLANG_WARN_BLOCK_CAPTURE_AUTORELEASING = YES;
				CLANG_WARN_BOOL_CONVERSION = YES;
				CLANG_WARN_COMMA = YES;
				CLANG_WARN_CONSTANT_CONVERSION = YES;
				CLANG_WARN_DIRECT_OBJC_ISA_USAGE = YES_ERROR;
				CLANG_WARN_DOCUMENTATION_COMMENTS = YES;
				CLANG_WARN_EMPTY_BODY = YES;
				CLANG_WARN_ENUM_CONVERSION = YES;
				CLANG_WARN_INFINITE_RECURSION = YES;
				CLANG_WARN_INT_CONVERSION = YES;
				CLANG_WARN_NON_LITERAL_NULL_CONVERSION = YES;
				CLANG_WARN_OBJC_LITERAL_CONVERSION = YES;
				CLANG_WARN_OBJC_ROOT_CLASS = YES_ERROR;
				CLANG_WARN_RANGE_LOOP_ANALYSIS = YES;
				CLANG_WARN_STRICT_PROTOTYPES = YES;
				CLANG_WARN_SUSPICIOUS_MOVE = YES;
				CLANG_WARN_UNGUARDED_AVAILABILITY = YES_AGGRESSIVE;
				CLANG_WARN_UNREACHABLE_CODE = YES;
				CLANG_WARN__DUPLICATE_METHOD_MATCH = YES;
				CODE_SIGN_IDENTITY = "iPhone Developer";
				COPY_PHASE_STRIP = NO;
				DEBUG_INFORMATION_FORMAT = dwarf;
				ENABLE_STRICT_OBJC_MSGSEND = YES;
				ENABLE_TESTABILITY = YES;
				GCC_C_LANGUAGE_STANDARD = gnu11;
				GCC_DYNAMIC_NO_PIC = NO;
				GCC_NO_COMMON_BLOCKS = YES;
				GCC_OPTIMIZATION_LEVEL = 0;
				GCC_PREPROCESSOR_DEFINITIONS = (
					"DEBUG=1",
					"$(inherited)",
				);
				GCC_WARN_64_TO_32_BIT_CONVERSION = YES;
				GCC_WARN_ABOUT_RETURN_TYPE = YES_ERROR;
				GCC_WARN_UNDECLARED_SELECTOR = YES;
				GCC_WARN_UNINITIALIZED_AUTOS = YES_AGGRESSIVE;
				GCC_WARN_UNUSED_FUNCTION = YES;
				GCC_WARN_UNUSED_VARIABLE = YES;
				IPHONEOS_DEPLOYMENT_TARGET = 11.1;
				MTL_ENABLE_DEBUG_INFO = YES;
				ONLY_ACTIVE_ARCH = YES;
				SDKROOT = iphoneos;
			};
			name = Debug;
		};
		3D24298F209946F8007C81D8 /* Release */ = {
			isa = XCBuildConfiguration;
			buildSettings = {
				ALWAYS_SEARCH_USER_PATHS = NO;
				CLANG_ANALYZER_NONNULL = YES;
				CLANG_ANALYZER_NUMBER_OBJECT_CONVERSION = YES_AGGRESSIVE;
				CLANG_CXX_LANGUAGE_STANDARD = "gnu++14";
				CLANG_CXX_LIBRARY = "libc++";
				CLANG_ENABLE_MODULES = YES;
				CLANG_ENABLE_OBJC_ARC = YES;
				CLANG_WARN_BLOCK_CAPTURE_AUTORELEASING = YES;
				CLANG_WARN_BOOL_CONVERSION = YES;
				CLANG_WARN_COMMA = YES;
				CLANG_WARN_CONSTANT_CONVERSION = YES;
				CLANG_WARN_DIRECT_OBJC_ISA_USAGE = YES_ERROR;
				CLANG_WARN_DOCUMENTATION_COMMENTS = YES;
				CLANG_WARN_EMPTY_BODY = YES;
				CLANG_WARN_ENUM_CONVERSION = YES;
				CLANG_WARN_INFINITE_RECURSION = YES;
				CLANG_WARN_INT_CONVERSION = YES;
				CLANG_WARN_NON_LITERAL_NULL_CONVERSION = YES;
				CLANG_WARN_OBJC_LITERAL_CONVERSION = YES;
				CLANG_WARN_OBJC_ROOT_CLASS = YES_ERROR;
				CLANG_WARN_RANGE_LOOP_ANALYSIS = YES;
				CLANG_WARN_STRICT_PROTOTYPES = YES;
				CLANG_WARN_SUSPICIOUS_MOVE = YES;
				CLANG_WARN_UNGUARDED_AVAILABILITY = YES_AGGRESSIVE;
				CLANG_WARN_UNREACHABLE_CODE = YES;
				CLANG_WARN__DUPLICATE_METHOD_MATCH = YES;
				CODE_SIGN_IDENTITY = "iPhone Developer";
				COPY_PHASE_STRIP = NO;
				DEBUG_INFORMATION_FORMAT = "dwarf-with-dsym";
				ENABLE_NS_ASSERTIONS = NO;
				ENABLE_STRICT_OBJC_MSGSEND = YES;
				GCC_C_LANGUAGE_STANDARD = gnu11;
				GCC_NO_COMMON_BLOCKS = YES;
				GCC_WARN_64_TO_32_BIT_CONVERSION = YES;
				GCC_WARN_ABOUT_RETURN_TYPE = YES_ERROR;
				GCC_WARN_UNDECLARED_SELECTOR = YES;
				GCC_WARN_UNINITIALIZED_AUTOS = YES_AGGRESSIVE;
				GCC_WARN_UNUSED_FUNCTION = YES;
				GCC_WARN_UNUSED_VARIABLE = YES;
				IPHONEOS_DEPLOYMENT_TARGET = 11.1;
				MTL_ENABLE_DEBUG_INFO = NO;
				SDKROOT = iphoneos;
				VALIDATE_PRODUCT = YES;
			};
			name = Release;
		};
		3D242991209946F8007C81D8 /* Debug */ = {
			isa = XCBuildConfiguration;
			buildSettings = {
				ASSETCATALOG_COMPILER_APPICON_NAME = AppIcon;
				CODE_SIGN_STYLE = Automatic;
				INFOPLIST_FILE = LimitTextField/Info.plist;
				LD_RUNPATH_SEARCH_PATHS = "$(inherited) @executable_path/Frameworks";
				PRODUCT_BUNDLE_IDENTIFIER = Demo.LimitTextField;
				PRODUCT_NAME = "$(TARGET_NAME)";
				TARGETED_DEVICE_FAMILY = "1,2";
			};
			name = Debug;
		};
		3D242992209946F8007C81D8 /* Release */ = {
			isa = XCBuildConfiguration;
			buildSettings = {
				ASSETCATALOG_COMPILER_APPICON_NAME = AppIcon;
				CODE_SIGN_STYLE = Automatic;
				INFOPLIST_FILE = LimitTextField/Info.plist;
				LD_RUNPATH_SEARCH_PATHS = "$(inherited) @executable_path/Frameworks";
				PRODUCT_BUNDLE_IDENTIFIER = Demo.LimitTextField;
				PRODUCT_NAME = "$(TARGET_NAME)";
				TARGETED_DEVICE_FAMILY = "1,2";
			};
			name = Release;
		};
/* End XCBuildConfiguration section */

/* Begin XCConfigurationList section */
		3D242975209946F8007C81D8 /* Build configuration list for PBXProject "LimitTextField" */ = {
			isa = XCConfigurationList;
			buildConfigurations = (
				3D24298E209946F8007C81D8 /* Debug */,
				3D24298F209946F8007C81D8 /* Release */,
			);
			defaultConfigurationIsVisible = 0;
			defaultConfigurationName = Release;
		};
		3D242990209946F8007C81D8 /* Build configuration list for PBXNativeTarget "LimitTextField" */ = {
			isa = XCConfigurationList;
			buildConfigurations = (
				3D242991209946F8007C81D8 /* Debug */,
				3D242992209946F8007C81D8 /* Release */,
			);
			defaultConfigurationIsVisible = 0;
			defaultConfigurationName = Release;
		};
/* End XCConfigurationList section */
	};
	rootObject = 3D242972209946F8007C81D8 /* Project object */;
}
